{
    "_meta": {
        "hash": {
            "sha256": "63cabbb553dff8de2ee0e5874a6ed1eae43621f97b613c9469ffade7f42eff7f"
        },
        "pipfile-spec": 6,
        "requires": {
            "python_version": "3.10"
        },
        "sources": [
            {
                "name": "pypi",
                "url": "https://pypi.org/simple",
                "verify_ssl": true
            }
        ]
    },
    "default": {},
    "develop": {}
}
